# This file is automatically @generated by Cargo.
# It is not intended for manual editing.
version = 4

[[package]]
name = "zt8"
version = "0.1.0"
dependencies = [
 "ztiny_bus",
 "ztiny_cpu",
 "ztiny_machine",
]

[[package]]
name = "ztiny_audio"
version = "0.1.0"

[[package]]
name = "ztiny_bus"
version = "0.1.0"
dependencies = [
 "ztiny_core",
]

[[package]]
name = "ztiny_cli"
version = "0.1.0"

[[package]]
name = "ztiny_core"
version = "0.1.0"

[[package]]
name = "ztiny_cpu"
version = "0.1.0"
dependencies = [
 "ztiny_bus",
 "ztiny_core",
]

[[package]]
name = "ztiny_machine"
version = "0.1.0"
dependencies = [
 "ztiny_bus",
 "ztiny_core",
 "ztiny_cpu",
]

[[package]]
name = "ztiny_video"
version = "0.1.0"
